{
  "name": "CommodityBuyerAndSeller",
  "version": "2.0.0",
  "lockfileVersion": 2,
  "requires": true,
  "packages": {
    "": {
      "dependencies": {
        "@sanjo/add-on-builder": "./add-on-builder/"
      }
    },
    "add-on-builder": {
      "name": "@sanjo/add-on-builder",
      "version": "1.0.0",
      "dependencies": {
        "@sanjo/toc": "./unnamed/packages/toc/"
      }
    },
    "add-on-builder/node_modules/@sanjo/toc": {
      "resolved": "add-on-builder/unnamed/packages/toc",
      "link": true
    },
    "add-on-builder/unnamed/packages/toc": {},
    "node_modules/@sanjo/add-on-builder": {
      "resolved": "add-on-builder",
      "link": true
    },
    "unnamed/packages/toc": {
      "name": "@sanjo/toc",
      "version": "0.0.0",
      "extraneous": true,
      "license": "Unlicense",
      "dependencies": {
        "@sanjo/read-file": "^2.0.0"
      }
    }
  },
  "dependencies": {
    "@sanjo/add-on-builder": {
      "version": "file:add-on-builder",
      "requires": {
        "@sanjo/toc": "./unnamed/packages/toc/"
      },
      "dependencies": {
        "@sanjo/toc": {
          "version": "file:add-on-builder/unnamed/packages/toc"
        }
      }
    }
  }
}
