{
  "name": "CommodityBuyerAndSeller",
  "version": "2.0.0",
  "lockfileVersion": 2,
  "requires": true,
  "packages": {
    "": {
      "dependencies": {
        "@sanjo/add-on-builder": "file:./add-on-builder/"
      }
    },
    "node_modules/@sanjo/add-on-builder": {
      "version": "1.0.0",
      "resolved": "file:add-on-builder",
      "dependencies": {
        "@sanjo/toc": "^1.0.0"
      }
    },
    "node_modules/@sanjo/read-file": {
      "version": "2.0.0",
      "resolved": "https://registry.npmjs.org/@sanjo/read-file/-/read-file-2.0.0.tgz",
      "integrity": "sha512-Qye5ZQQmrBvtmzgoaE8X0Shq1wc2pZ97CT7+dZFRtQqDSISqurb4YcdKpRsaGETG/PRsVkIZ7ORQ89/GSPWLJg=="
    },
    "node_modules/@sanjo/toc": {
      "version": "1.0.0",
      "resolved": "https://registry.npmjs.org/@sanjo/toc/-/toc-1.0.0.tgz",
      "integrity": "sha512-1Fd0lESENd5ZoqmtPRgBHA2KVTCm00yK7QoAu4peMt2b7P2OLDXY16pgE33+URu05Wfd6slfITbxqdaA1ZWiTw==",
      "dependencies": {
        "@sanjo/read-file": "^2.0.0"
      }
    },
    "unnamed/packages/toc": {
      "name": "@sanjo/toc",
      "version": "0.0.0",
      "extraneous": true,
      "license": "Unlicense",
      "dependencies": {
        "@sanjo/read-file": "^2.0.0"
      }
    }
  },
  "dependencies": {
    "@sanjo/add-on-builder": {
      "version": "1.0.0",
      "requires": {
        "@sanjo/toc": "^1.0.0"
      }
    },
    "@sanjo/read-file": {
      "version": "2.0.0",
      "resolved": "https://registry.npmjs.org/@sanjo/read-file/-/read-file-2.0.0.tgz",
      "integrity": "sha512-Qye5ZQQmrBvtmzgoaE8X0Shq1wc2pZ97CT7+dZFRtQqDSISqurb4YcdKpRsaGETG/PRsVkIZ7ORQ89/GSPWLJg=="
    },
    "@sanjo/toc": {
      "version": "1.0.0",
      "resolved": "https://registry.npmjs.org/@sanjo/toc/-/toc-1.0.0.tgz",
      "integrity": "sha512-1Fd0lESENd5ZoqmtPRgBHA2KVTCm00yK7QoAu4peMt2b7P2OLDXY16pgE33+URu05Wfd6slfITbxqdaA1ZWiTw==",
      "requires": {
        "@sanjo/read-file": "^2.0.0"
      }
    }
  }
}
